PODS:
  - Alamofire (4.9.1)
  - IQKeyboardManagerSwift (6.5.2)
  - Realm (4.1.0):
    - Realm/Headers (= 4.1.0)
  - Realm/Headers (4.1.0)
  - RealmSwift (4.1.0):
    - Realm (= 4.1.0)
  - RxCocoa (5.0.1):
    - RxRelay (~> 5)
    - RxSwift (~> 5)
  - RxRelay (5.0.1):
    - RxSwift (~> 5)
  - RxSwift (5.0.1)
  - SDWebImage (5.3.1):
    - SDWebImage/Core (= 5.3.1)
  - SDWebImage/Core (5.3.1)

DEPENDENCIES:
  - Alamofire
  - IQKeyboardManagerSwift
  - RealmSwift
  - RxCocoa
  - RxSwift
  - SDWebImage

SPEC REPOS:
  trunk:
    - Alamofire
    - IQKeyboardManagerSwift
    - Realm
    - RealmSwift
    - RxCocoa
    - RxRelay
    - RxSwift
    - SDWebImage

SPEC CHECKSUMS:
  Alamofire: 85e8a02c69d6020a0d734f6054870d7ecb75cf18
  IQKeyboardManagerSwift: c75366f1f19590e8caeae45fcd5815c9289d6099
  Realm: 5d1453468eca02c901c50b8a356f4a98a15b57aa
  RealmSwift: 1d238caa5c64a590c669beef1a7e858a6cf55a1c
  RxCocoa: e741b9749968e8a143e2b787f1dfbff2b63d0a5c
  RxRelay: 89d54507f4fd4d969e6ec1d4bd7f3673640b4640
  RxSwift: e2dc62b366a3adf6a0be44ba9f405efd4c94e0c4
  SDWebImage: 7137d57385fb632129838c1e6ab9528a22c666cc

PODFILE CHECKSUM: 1a0a9dd6d1d8bd0b5cddc1d4dd7d529b550686ba

COCOAPODS: 1.8.4
